{
    "version": "0.5",
    "requires": [
        "zstd/1.5.7#b68ca8e3de04ba5957761751d1d661f4%1760955092.069",
        "zlib/1.3.2#1cb806da49011867778ffb6ac7190fcb%1777558780.503",
        "xz_utils/5.8.3#a8432fead347c69d8b2737c35f936132%1775752656.4",
        "xorg-proto/2024.1#449e77cf0df9acf515ddc79d0fe24938%1721048569.376",
        "xorg-macros/1.19.3#c3465b331ce1d044ee771dc5e4529b79%1676900904.25",
        "xorg/system#98f82cb669e4ebc6b4d9d8a4f3f1faf4%1725460968.361",
        "xkeyboard-config/system#74aea985b91f987b93b220b44963d7ed%1755758035.041",
        "xkbcommon/1.13.1#10571a7c3f47b2fbd8c8337569678b89%1768556208.137",
        "wxwidgets/3.3.2#b101422bc5446b6f2304d98925a64429%1777972907.422",
        "wayland/1.24.0#ac40d5647b1ce948e185c1a849f63cb6%1779188470.635",
        "pixman/0.43.4#60427f74e9514f007eb3cb8c52b6fbd6%1752742517.637",
        "pcre2/10.42#9a35f5089feb875ec61a38eca364ce77%1743524593.693",
        "pango/1.57.0#27e3f8ea574b5f7019614fc71c62a6fa%1768979077.918",
        "openssl/3.6.2#36f92686a9285adfe2ccd1c1dbf9ea35%1775635547.022",
        "opengl/system#cfcf523b9d2bad75cbf377f56562634c%1762526044.744",
        "nanosvg/cci.20231025#37554b5fb7b1882fd830bd1744c2b47b%1699160566.207",
        "lzo/2.10#f00b10acc508cea70645727d970a23e1%1759909644.842",
        "libxml2/2.15.3#3406c6d8d327e9b84c0c894feb859514%1777886326.291",
        "libxft/2.3.9#dfc71e304b9d4c3dcf54a571281dbb86%1768927002.043",
        "libwebp/1.6.0#eb5f8e35fc95980e32b5544a33a270b4%1754386366.205",
        "libtiff/4.7.1#0ab2d15639faa1c301ccfb271fc0b55f%1759735981.08",
        "libselinux/3.6#5a78ff6ae5034eeaac8da723361a8ce4%1717655459.344",
        "libsecret/0.21.7#c02d8a4cee0a21b06cfd414629cd2b0c%1778248583.853",
        "libpng/1.6.58#19cb72905ae54f54948401f753faa2c1%1776606503.628",
        "libmount/2.39.2#64850679fa9d5ead878e5076b0cab2a8%1705591482.625",
        "libjpeg/9f#8edfe2699565c80c825d0256002504ff%1723665907.087",
        "libiconv/1.17#9923bc6dc6f106646d6967e0039a5ada%1774021608.288",
        "libgpg-error/1.61#aa75ce267c34ebc279a98621322e4d8c%1778253910.825",
        "libgcrypt/1.12.2#e77e52accbb2d32c9ada41a9f2fbb850%1778253908.519",
        "libffi/3.4.8#a045c00fb26779635e3bed40e80c5254%1753360042.396",
        "libepoxy/1.5.10#160857f514eae3907eac414d040bb41a%1771600164.276",
        "libcurl/8.20.0#465ac276192c197ddc6a9f4494004278%1779353234.048",
        "libcap/2.78#49ad5ecc797164ef0f16a3eeee856401%1778248578.965",
        "harfbuzz/12.3.0#a5fef061896cd5c30e9a17c9d7920ad1%1768584500.506",
        "gtk/3.24.51#aeb1ddb4060af7179dd61c5070d829a4%1771602648.505",
        "glib/2.85.3#2fef4f1c3f92c9eaf077ccd54b9404a3%1755678176.882",
        "gdk-pixbuf/2.44.4#66f46a47aae52bbf105bbbbda4898654%1768922633.647",
        "fribidi/1.0.13#205942bdceca0837df53e7ebb0aaa86a%1777041500.512",
        "freetype/2.14.3#4ee27b7918b546a96d7e6898e3a02b34%1774443541.191",
        "fontconfig/2.17.1#c7138aa09e0fcc0e337511719c9bfb12%1768840806.404",
        "expat/2.8.1#e2fa0a1a12da326521a3d622a475047a%1780484982.662",
        "elfutils/0.190#8e8c47bd9b2578e29a0341b09b977be8%1739188192.515",
        "egl/system#068ac3037d8cf01f768d0e001e6dcd76%1681426530.637",
        "dcmtk/3.7.0#c9fb826ddac26e42704e9c5054f663ac%1779282302.528",
        "dbus/1.15.8#3cdcb97b51b7f931f9f11c57d8409845%1732633255.624",
        "cairo/1.18.4#a3845ccec428be648572c84a65f74f15%1768892794.713",
        "bzip2/1.0.8#c470882369c2d95c5c77e970c0c7e321%1762886692.465",
        "brotli/1.1.0#3f631ef77008f7b5eb388780116371a3%1764862343.045",
        "at-spi2-core/2.59.0#ccadbc2d78688e38b32c0910cc47714d%1769614353.315"
    ],
    "build_requires": [
        "zstd/1.5.7#b68ca8e3de04ba5957761751d1d661f4%1760955092.069",
        "zlib/1.3.2#1cb806da49011867778ffb6ac7190fcb%1777558780.503",
        "xz_utils/5.8.3#a8432fead347c69d8b2737c35f936132%1775752656.4",
        "xorg-macros/1.20.0#b721d2f8ca6804d072820cb551d8c4fa%1703840418.657",
        "xorg-macros/1.19.3#c3465b331ce1d044ee771dc5e4529b79%1676900904.25",
        "wayland-protocols/1.45#79bbdf84ebb0fcc3353686529e0a2322%1757598410.756",
        "wayland/1.24.0#ac40d5647b1ce948e185c1a849f63cb6%1779188470.635",
        "pkgconf/2.5.1#93c2051284cba1279494a43a4fcfeae2%1757684701.089",
        "pkgconf/2.2.0#4ac315b50ef734072b00ff3aacbf52bf%1755505628.021",
        "pkgconf/2.1.0#21f96520faf7660b99f872e956d2ac13%1755505630.82",
        "pkgconf/2.0.3#c7ba7fd1d7d22534ee070ae60ed79604%1755505633.107",
        "pcre2/10.42#9a35f5089feb875ec61a38eca364ce77%1743524593.693",
        "ninja/1.13.2#c8c5dc2a52ed6e4e42a66d75b4717ceb%1764096931.974",
        "meson/1.10.2#9d2d10681fe7fe61c788c58626c89b25%1775558003.754",
        "meson/1.4.0#2262941cc8fbb0099dd0c196ca2a6c01%1726730116.631",
        "meson/1.3.1#a17179442f5a99378b58ef0a0f43babc%1726730116.904",
        "m4/1.4.19#34c4bbc3eeebe98ca6edf2f52d602e7d%1777282960.259",
        "libxml2/2.15.3#3406c6d8d327e9b84c0c894feb859514%1777886326.291",
        "libtool/2.4.7#14e7739cc128bc1623d2ed318008e47e%1755679003.847",
        "libselinux/3.6#5a78ff6ae5034eeaac8da723361a8ce4%1717655459.344",
        "libmount/2.39.2#64850679fa9d5ead878e5076b0cab2a8%1705591482.625",
        "libiconv/1.17#9923bc6dc6f106646d6967e0039a5ada%1774021608.288",
        "libffi/3.4.8#a045c00fb26779635e3bed40e80c5254%1753360042.396",
        "gperf/3.1#a7afdf8f7cccdc2dcd4d962370c33d4f%1755780571.156",
        "gnu-config/cci.20210814#466e9d4d7779e1c142443f7ea44b4284%1762363589.329",
        "glib/2.85.3#2fef4f1c3f92c9eaf077ccd54b9404a3%1755678176.882",
        "gettext/0.22.5#2f6edba611e8db1a8a18488b116e8c2a%1765299121.036",
        "flex/2.6.4#efa781fc5088b47c895bd4eef6911f2e%1761560242.855",
        "expat/2.8.1#e2fa0a1a12da326521a3d622a475047a%1780484982.662",
        "elfutils/0.190#8e8c47bd9b2578e29a0341b09b977be8%1739188192.515",
        "cmake/4.3.2#5bae0b181463ca4dc3e924a981367ee6%1779785720.872",
        "cmake/3.31.12#173a926abc2b77f03c826b6fd6539426%1779785723.158",
        "bzip2/1.0.8#c470882369c2d95c5c77e970c0c7e321%1762886692.465",
        "bison/3.8.2#c3490cbe0078b6fd3eb4cf5ed64144dc%1755688988.644",
        "automake/1.16.5#b91b7c384c3deaa9d535be02da14d04f%1755524470.56",
        "autoconf/2.71#51077f068e61700d65bb05541ea1e4b0%1731054366.86"
    ],
    "python_requires": [],
    "config_requires": [
        "dicom-dataset-editor-conf/0.1.0#eaf12d9656389cf9faa761d6e238f8da%1780609938.4423168"
    ]
}
